
Microsoft Visual Studio Solution File, Format Version 12.00
# Visual Studio Version 17
VisualStudioVersion = 17.9.34902.65
MinimumVisualStudioVersion = 10.0.40219.1
Project("{9A19103F-16F7-4668-BE54-9A1E7A4F7556}") = "SmarterVoter", "SmarterVoter\SmarterVoter.csproj", "{FBDC0B51-EAA0-4649-A0D8-0B8C21F5D2BB}"
EndProject
Project("{FAE04EC0-301F-11D3-BF4B-00C04F79EFBC}") = "SmartVoterTests", "SmartVoterTests\SmartVoterTests.csproj", "{96D5D19A-DCF6-4FB1-8002-D148938C5E0B}"
EndProject
Global
	GlobalSection(SolutionConfigurationPlatforms) = preSolution
		Debug|Any CPU = Debug|Any CPU
		Release|Any CPU = Release|Any CPU
	EndGlobalSection
	GlobalSection(ProjectConfigurationPlatforms) = postSolution
		{FBDC0B51-EAA0-4649-A0D8-0B8C21F5D2BB}.Debug|Any CPU.ActiveCfg = Debug|Any CPU
		{FBDC0B51-EAA0-4649-A0D8-0B8C21F5D2BB}.Debug|Any CPU.Build.0 = Debug|Any CPU
		{FBDC0B51-EAA0-4649-A0D8-0B8C21F5D2BB}.Release|Any CPU.ActiveCfg = Release|Any CPU
		{FBDC0B51-EAA0-4649-A0D8-0B8C21F5D2BB}.Release|Any CPU.Build.0 = Release|Any CPU
		{96D5D19A-DCF6-4FB1-8002-D148938C5E0B}.Debug|Any CPU.ActiveCfg = Debug|Any CPU
		{96D5D19A-DCF6-4FB1-8002-D148938C5E0B}.Debug|Any CPU.Build.0 = Debug|Any CPU
		{96D5D19A-DCF6-4FB1-8002-D148938C5E0B}.Release|Any CPU.ActiveCfg = Release|Any CPU
		{96D5D19A-DCF6-4FB1-8002-D148938C5E0B}.Release|Any CPU.Build.0 = Release|Any CPU
	EndGlobalSection
	GlobalSection(SolutionProperties) = preSolution
		HideSolutionNode = FALSE
	EndGlobalSection
	GlobalSection(ExtensibilityGlobals) = postSolution
		SolutionGuid = {FDB00246-C80E-40D2-A1E7-A7B6F29AD5C4}
	EndGlobalSection
EndGlobal
